
Microsoft Visual Studio Solution File, Format Version 12.00
# Visual Studio Version 16
VisualStudioVersion = 16.0.29411.108
MinimumVisualStudioVersion = 10.0.40219.1
Project("{FAE04EC0-301F-11D3-BF4B-00C04F79EFBC}") = "StudentManagement", "StudentManagement.csproj", "{39240D4B-DE0C-4842-9E22-05EF7692B90C}"
EndProject
Global
	GlobalSection(SolutionConfigurationPlatforms) = preSolution
		Debug|Any CPU = Debug|Any CPU
		Release|Any CPU = Release|Any CPU
	EndGlobalSection
	GlobalSection(ProjectConfigurationPlatforms) = postSolution
		{39240D4B-DE0C-4842-9E22-05EF7692B90C}.Debug|Any CPU.ActiveCfg = Debug|Any CPU
		{39240D4B-DE0C-4842-9E22-05EF7692B90C}.Debug|Any CPU.Build.0 = Debug|Any CPU
		{39240D4B-DE0C-4842-9E22-05EF7692B90C}.Release|Any CPU.ActiveCfg = Release|Any CPU
		{39240D4B-DE0C-4842-9E22-05EF7692B90C}.Release|Any CPU.Build.0 = Release|Any CPU
	EndGlobalSection
	GlobalSection(SolutionProperties) = preSolution
		HideSolutionNode = FALSE
	EndGlobalSection
	GlobalSection(ExtensibilityGlobals) = postSolution
		SolutionGuid = {EF0155EE-0BB1-4516-8576-0464B862665A}
	EndGlobalSection
EndGlobal
